
Microsoft Visual Studio Solution File, Format Version 12.00
# Visual Studio 14
VisualStudioVersion = 14.0.25123.0
MinimumVisualStudioVersion = 10.0.40219.1
Project("{FAE04EC0-301F-11D3-BF4B-00C04F79EFBC}") = "xEmilForms", "xEmilForms\xEmilForms.csproj", "{7BC0BC68-7BB0-44C6-9F14-2D71481A44BF}"
EndProject
Project("{FAE04EC0-301F-11D3-BF4B-00C04F79EFBC}") = "xEmilForms.iOS", "xEmilForms.iOS\xEmilForms.iOS.csproj", "{18F8896B-42FE-4185-B862-8B76D4EAA30E}"
EndProject
Project("{FAE04EC0-301F-11D3-BF4B-00C04F79EFBC}") = "xEmilForms.Droid", "xEmilForms.Droid\xEmilForms.Droid.csproj", "{D0E202D5-63EB-49ED-ABFA-3D71F7E2234A}"
EndProject
Project("{FAE04EC0-301F-11D3-BF4B-00C04F79EFBC}") = "xEmilForms.WinPhone", "xEmilForms.WinPhone\xEmilForms.WinPhone.csproj", "{85B0357E-E085-463C-B997-5D5C06EEF01E}"
EndProject
Project("{FAE04EC0-301F-11D3-BF4B-00C04F79EFBC}") = "xEmilTest", "xEmilTest\xEmilTest.csproj", "{0262889C-40C1-4B0A-8379-1D82C0811FEF}"
EndProject
Global
	GlobalSection(SolutionConfigurationPlatforms) = preSolution
		Ad-Hoc|Any CPU = Ad-Hoc|Any CPU
		Ad-Hoc|ARM = Ad-Hoc|ARM
		Ad-Hoc|iPhone = Ad-Hoc|iPhone
		Ad-Hoc|iPhoneSimulator = Ad-Hoc|iPhoneSimulator
		Ad-Hoc|Mixed Platforms = Ad-Hoc|Mixed Platforms
		Ad-Hoc|x86 = Ad-Hoc|x86
		AppStore|Any CPU = AppStore|Any CPU
		AppStore|ARM = AppStore|ARM
		AppStore|iPhone = AppStore|iPhone
		AppStore|iPhoneSimulator = AppStore|iPhoneSimulator
		AppStore|Mixed Platforms = AppStore|Mixed Platforms
		AppStore|x86 = AppStore|x86
		Debug|Any CPU = Debug|Any CPU
		Debug|ARM = Debug|ARM
		Debug|iPhone = Debug|iPhone
		Debug|iPhoneSimulator = Debug|iPhoneSimulator
		Debug|Mixed Platforms = Debug|Mixed Platforms
		Debug|x86 = Debug|x86
		MonoTouch|Any CPU = MonoTouch|Any CPU
		MonoTouch|ARM = MonoTouch|ARM
		MonoTouch|iPhone = MonoTouch|iPhone
		MonoTouch|iPhoneSimulator = MonoTouch|iPhoneSimulator
		MonoTouch|Mixed Platforms = MonoTouch|Mixed Platforms
		MonoTouch|x86 = MonoTouch|x86
		Release|Any CPU = Release|Any CPU
		Release|ARM = Release|ARM
		Release|iPhone = Release|iPhone
		Release|iPhoneSimulator = Release|iPhoneSimulator
		Release|Mixed Platforms = Release|Mixed Platforms
		Release|x86 = Release|x86
	EndGlobalSection
	GlobalSection(ProjectConfigurationPlatforms) = postSolution
		{7BC0BC68-7BB0-44C6-9F14-2D71481A44BF}.Ad-Hoc|Any CPU.ActiveCfg = Release|Any CPU
		{7BC0BC68-7BB0-44C6-9F14-2D71481A44BF}.Ad-Hoc|Any CPU.Build.0 = Release|Any CPU
		{7BC0BC68-7BB0-44C6-9F14-2D71481A44BF}.Ad-Hoc|ARM.ActiveCfg = Release|Any CPU
		{7BC0BC68-7BB0-44C6-9F14-2D71481A44BF}.Ad-Hoc|iPhone.ActiveCfg = Release|Any CPU
		{7BC0BC68-7BB0-44C6-9F14-2D71481A44BF}.Ad-Hoc|iPhoneSimulator.ActiveCfg = Release|Any CPU
		{7BC0BC68-7BB0-44C6-9F14-2D71481A44BF}.Ad-Hoc|Mixed Platforms.ActiveCfg = Release|Any CPU
		{7BC0BC68-7BB0-44C6-9F14-2D71481A44BF}.Ad-Hoc|Mixed Platforms.Build.0 = Release|Any CPU
		{7BC0BC68-7BB0-44C6-9F14-2D71481A44BF}.Ad-Hoc|x86.ActiveCfg = Release|Any CPU
		{7BC0BC68-7BB0-44C6-9F14-2D71481A44BF}.AppStore|Any CPU.ActiveCfg = Release|Any CPU
		{7BC0BC68-7BB0-44C6-9F14-2D71481A44BF}.AppStore|Any CPU.Build.0 = Release|Any CPU
		{7BC0BC68-7BB0-44C6-9F14-2D71481A44BF}.AppStore|ARM.ActiveCfg = Release|Any CPU
		{7BC0BC68-7BB0-44C6-9F14-2D71481A44BF}.AppStore|iPhone.ActiveCfg = Release|Any CPU
		{7BC0BC68-7BB0-44C6-9F14-2D71481A44BF}.AppStore|iPhoneSimulator.ActiveCfg = Release|Any CPU
		{7BC0BC68-7BB0-44C6-9F14-2D71481A44BF}.AppStore|Mixed Platforms.ActiveCfg = Release|Any CPU
		{7BC0BC68-7BB0-44C6-9F14-2D71481A44BF}.AppStore|Mixed Platforms.Build.0 = Release|Any CPU
		{7BC0BC68-7BB0-44C6-9F14-2D71481A44BF}.AppStore|x86.ActiveCfg = Release|Any CPU
		{7BC0BC68-7BB0-44C6-9F14-2D71481A44BF}.Debug|Any CPU.ActiveCfg = Debug|Any CPU
		{7BC0BC68-7BB0-44C6-9F14-2D71481A44BF}.Debug|Any CPU.Build.0 = Debug|Any CPU
		{7BC0BC68-7BB0-44C6-9F14-2D71481A44BF}.Debug|ARM.ActiveCfg = Debug|Any CPU
		{7BC0BC68-7BB0-44C6-9F14-2D71481A44BF}.Debug|iPhone.ActiveCfg = Debug|Any CPU
		{7BC0BC68-7BB0-44C6-9F14-2D71481A44BF}.Debug|iPhoneSimulator.ActiveCfg = Debug|Any CPU
		{7BC0BC68-7BB0-44C6-9F14-2D71481A44BF}.Debug|Mixed Platforms.ActiveCfg = Debug|Any CPU
		{7BC0BC68-7BB0-44C6-9F14-2D71481A44BF}.Debug|Mixed Platforms.Build.0 = Debug|Any CPU
		{7BC0BC68-7BB0-44C6-9F14-2D71481A44BF}.Debug|x86.ActiveCfg = Debug|Any CPU
		{7BC0BC68-7BB0-44C6-9F14-2D71481A44BF}.MonoTouch|Any CPU.ActiveCfg = Debug|Any CPU
		{7BC0BC68-7BB0-44C6-9F14-2D71481A44BF}.MonoTouch|Any CPU.Build.0 = Debug|Any CPU
		{7BC0BC68-7BB0-44C6-9F14-2D71481A44BF}.MonoTouch|ARM.ActiveCfg = Debug|Any CPU
		{7BC0BC68-7BB0-44C6-9F14-2D71481A44BF}.MonoTouch|iPhone.ActiveCfg = Debug|Any CPU
		{7BC0BC68-7BB0-44C6-9F14-2D71481A44BF}.MonoTouch|iPhoneSimulator.ActiveCfg = Debug|Any CPU
		{7BC0BC68-7BB0-44C6-9F14-2D71481A44BF}.MonoTouch|Mixed Platforms.ActiveCfg = Debug|Any CPU
		{7BC0BC68-7BB0-44C6-9F14-2D71481A44BF}.MonoTouch|Mixed Platforms.Build.0 = Debug|Any CPU
		{7BC0BC68-7BB0-44C6-9F14-2D71481A44BF}.MonoTouch|x86.ActiveCfg = Debug|Any CPU
		{7BC0BC68-7BB0-44C6-9F14-2D71481A44BF}.Release|Any CPU.ActiveCfg = Release|Any CPU
		{7BC0BC68-7BB0-44C6-9F14-2D71481A44BF}.Release|Any CPU.Build.0 = Release|Any CPU
		{7BC0BC68-7BB0-44C6-9F14-2D71481A44BF}.Release|ARM.ActiveCfg = Release|Any CPU
		{7BC0BC68-7BB0-44C6-9F14-2D71481A44BF}.Release|iPhone.ActiveCfg = Release|Any CPU
		{7BC0BC68-7BB0-44C6-9F14-2D71481A44BF}.Release|iPhoneSimulator.ActiveCfg = Release|Any CPU
		{7BC0BC68-7BB0-44C6-9F14-2D71481A44BF}.Release|Mixed Platforms.ActiveCfg = Release|Any CPU
		{7BC0BC68-7BB0-44C6-9F14-2D71481A44BF}.Release|Mixed Platforms.Build.0 = Release|Any CPU
		{7BC0BC68-7BB0-44C6-9F14-2D71481A44BF}.Release|x86.ActiveCfg = Release|Any CPU
		{18F8896B-42FE-4185-B862-8B76D4EAA30E}.Ad-Hoc|Any CPU.ActiveCfg = Ad-Hoc|iPhone
		{18F8896B-42FE-4185-B862-8B76D4EAA30E}.Ad-Hoc|ARM.ActiveCfg = Ad-Hoc|iPhone
		{18F8896B-42FE-4185-B862-8B76D4EAA30E}.Ad-Hoc|iPhone.ActiveCfg = Ad-Hoc|iPhone
		{18F8896B-42FE-4185-B862-8B76D4EAA30E}.Ad-Hoc|iPhone.Build.0 = Ad-Hoc|iPhone
		{18F8896B-42FE-4185-B862-8B76D4EAA30E}.Ad-Hoc|iPhoneSimulator.ActiveCfg = Ad-Hoc|iPhoneSimulator
		{18F8896B-42FE-4185-B862-8B76D4EAA30E}.Ad-Hoc|iPhoneSimulator.Build.0 = Ad-Hoc|iPhoneSimulator
		{18F8896B-42FE-4185-B862-8B76D4EAA30E}.Ad-Hoc|Mixed Platforms.ActiveCfg = Ad-Hoc|iPhone
		{18F8896B-42FE-4185-B862-8B76D4EAA30E}.Ad-Hoc|Mixed Platforms.Build.0 = Ad-Hoc|iPhone
		{18F8896B-42FE-4185-B862-8B76D4EAA30E}.Ad-Hoc|x86.ActiveCfg = Ad-Hoc|iPhone
		{18F8896B-42FE-4185-B862-8B76D4EAA30E}.AppStore|Any CPU.ActiveCfg = AppStore|iPhone
		{18F8896B-42FE-4185-B862-8B76D4EAA30E}.AppStore|ARM.ActiveCfg = AppStore|iPhone
		{18F8896B-42FE-4185-B862-8B76D4EAA30E}.AppStore|iPhone.ActiveCfg = AppStore|iPhone
		{18F8896B-42FE-4185-B862-8B76D4EAA30E}.AppStore|iPhone.Build.0 = AppStore|iPhone
		{18F8896B-42FE-4185-B862-8B76D4EAA30E}.AppStore|iPhoneSimulator.ActiveCfg = AppStore|iPhoneSimulator
		{18F8896B-42FE-4185-B862-8B76D4EAA30E}.AppStore|iPhoneSimulator.Build.0 = AppStore|iPhoneSimulator
		{18F8896B-42FE-4185-B862-8B76D4EAA30E}.AppStore|Mixed Platforms.ActiveCfg = AppStore|iPhone
		{18F8896B-42FE-4185-B862-8B76D4EAA30E}.AppStore|Mixed Platforms.Build.0 = AppStore|iPhone
		{18F8896B-42FE-4185-B862-8B76D4EAA30E}.AppStore|x86.ActiveCfg = AppStore|iPhone
		{18F8896B-42FE-4185-B862-8B76D4EAA30E}.Debug|Any CPU.ActiveCfg = Debug|iPhone
		{18F8896B-42FE-4185-B862-8B76D4EAA30E}.Debug|ARM.ActiveCfg = Debug|iPhone
		{18F8896B-42FE-4185-B862-8B76D4EAA30E}.Debug|iPhone.ActiveCfg = Debug|iPhone
		{18F8896B-42FE-4185-B862-8B76D4EAA30E}.Debug|iPhone.Build.0 = Debug|iPhone
		{18F8896B-42FE-4185-B862-8B76D4EAA30E}.Debug|iPhoneSimulator.ActiveCfg = Debug|iPhoneSimulator
		{18F8896B-42FE-4185-B862-8B76D4EAA30E}.Debug|iPhoneSimulator.Build.0 = Debug|iPhoneSimulator
		{18F8896B-42FE-4185-B862-8B76D4EAA30E}.Debug|Mixed Platforms.ActiveCfg = Debug|iPhone
		{18F8896B-42FE-4185-B862-8B76D4EAA30E}.Debug|Mixed Platforms.Build.0 = Debug|iPhone
		{18F8896B-42FE-4185-B862-8B76D4EAA30E}.Debug|x86.ActiveCfg = Debug|iPhone
		{18F8896B-42FE-4185-B862-8B76D4EAA30E}.MonoTouch|Any CPU.ActiveCfg = Release|iPhoneSimulator
		{18F8896B-42FE-4185-B862-8B76D4EAA30E}.MonoTouch|ARM.ActiveCfg = Release|iPhoneSimulator
		{18F8896B-42FE-4185-B862-8B76D4EAA30E}.MonoTouch|iPhone.ActiveCfg = Release|iPhone
		{18F8896B-42FE-4185-B862-8B76D4EAA30E}.MonoTouch|iPhone.Build.0 = Release|iPhone
		{18F8896B-42FE-4185-B862-8B76D4EAA30E}.MonoTouch|iPhoneSimulator.ActiveCfg = Release|iPhoneSimulator
		{18F8896B-42FE-4185-B862-8B76D4EAA30E}.MonoTouch|iPhoneSimulator.Build.0 = Release|iPhoneSimulator
		{18F8896B-42FE-4185-B862-8B76D4EAA30E}.MonoTouch|Mixed Platforms.ActiveCfg = Release|iPhoneSimulator
		{18F8896B-42FE-4185-B862-8B76D4EAA30E}.MonoTouch|Mixed Platforms.Build.0 = Release|iPhoneSimulator
		{18F8896B-42FE-4185-B862-8B76D4EAA30E}.MonoTouch|x86.ActiveCfg = Release|iPhoneSimulator
		{18F8896B-42FE-4185-B862-8B76D4EAA30E}.Release|Any CPU.ActiveCfg = Release|iPhone
		{18F8896B-42FE-4185-B862-8B76D4EAA30E}.Release|ARM.ActiveCfg = Release|iPhone
		{18F8896B-42FE-4185-B862-8B76D4EAA30E}.Release|iPhone.ActiveCfg = Release|iPhone
		{18F8896B-42FE-4185-B862-8B76D4EAA30E}.Release|iPhone.Build.0 = Release|iPhone
		{18F8896B-42FE-4185-B862-8B76D4EAA30E}.Release|iPhoneSimulator.ActiveCfg = Release|iPhoneSimulator
		{18F8896B-42FE-4185-B862-8B76D4EAA30E}.Release|iPhoneSimulator.Build.0 = Release|iPhoneSimulator
		{18F8896B-42FE-4185-B862-8B76D4EAA30E}.Release|Mixed Platforms.ActiveCfg = Release|iPhone
		{18F8896B-42FE-4185-B862-8B76D4EAA30E}.Release|Mixed Platforms.Build.0 = Release|iPhone
		{18F8896B-42FE-4185-B862-8B76D4EAA30E}.Release|x86.ActiveCfg = Release|iPhone
		{D0E202D5-63EB-49ED-ABFA-3D71F7E2234A}.Ad-Hoc|Any CPU.ActiveCfg = Release|Any CPU
		{D0E202D5-63EB-49ED-ABFA-3D71F7E2234A}.Ad-Hoc|Any CPU.Build.0 = Release|Any CPU
		{D0E202D5-63EB-49ED-ABFA-3D71F7E2234A}.Ad-Hoc|Any CPU.Deploy.0 = Release|Any CPU
		{D0E202D5-63EB-49ED-ABFA-3D71F7E2234A}.Ad-Hoc|ARM.ActiveCfg = Release|Any CPU
		{D0E202D5-63EB-49ED-ABFA-3D71F7E2234A}.Ad-Hoc|iPhone.ActiveCfg = Release|Any CPU
		{D0E202D5-63EB-49ED-ABFA-3D71F7E2234A}.Ad-Hoc|iPhoneSimulator.ActiveCfg = Release|Any CPU
		{D0E202D5-63EB-49ED-ABFA-3D71F7E2234A}.Ad-Hoc|Mixed Platforms.ActiveCfg = Release|Any CPU
		{D0E202D5-63EB-49ED-ABFA-3D71F7E2234A}.Ad-Hoc|Mixed Platforms.Build.0 = Release|Any CPU
		{D0E202D5-63EB-49ED-ABFA-3D71F7E2234A}.Ad-Hoc|Mixed Platforms.Deploy.0 = Release|Any CPU
		{D0E202D5-63EB-49ED-ABFA-3D71F7E2234A}.Ad-Hoc|x86.ActiveCfg = Release|Any CPU
		{D0E202D5-63EB-49ED-ABFA-3D71F7E2234A}.AppStore|Any CPU.ActiveCfg = Release|Any CPU
		{D0E202D5-63EB-49ED-ABFA-3D71F7E2234A}.AppStore|Any CPU.Build.0 = Release|Any CPU
		{D0E202D5-63EB-49ED-ABFA-3D71F7E2234A}.AppStore|Any CPU.Deploy.0 = Release|Any CPU
		{D0E202D5-63EB-49ED-ABFA-3D71F7E2234A}.AppStore|ARM.ActiveCfg = Release|Any CPU
		{D0E202D5-63EB-49ED-ABFA-3D71F7E2234A}.AppStore|iPhone.ActiveCfg = Release|Any CPU
		{D0E202D5-63EB-49ED-ABFA-3D71F7E2234A}.AppStore|iPhoneSimulator.ActiveCfg = Release|Any CPU
		{D0E202D5-63EB-49ED-ABFA-3D71F7E2234A}.AppStore|Mixed Platforms.ActiveCfg = Release|Any CPU
		{D0E202D5-63EB-49ED-ABFA-3D71F7E2234A}.AppStore|Mixed Platforms.Build.0 = Release|Any CPU
		{D0E202D5-63EB-49ED-ABFA-3D71F7E2234A}.AppStore|Mixed Platforms.Deploy.0 = Release|Any CPU
		{D0E202D5-63EB-49ED-ABFA-3D71F7E2234A}.AppStore|x86.ActiveCfg = Release|Any CPU
		{D0E202D5-63EB-49ED-ABFA-3D71F7E2234A}.Debug|Any CPU.ActiveCfg = Debug|Any CPU
		{D0E202D5-63EB-49ED-ABFA-3D71F7E2234A}.Debug|Any CPU.Build.0 = Debug|Any CPU
		{D0E202D5-63EB-49ED-ABFA-3D71F7E2234A}.Debug|Any CPU.Deploy.0 = Debug|Any CPU
		{D0E202D5-63EB-49ED-ABFA-3D71F7E2234A}.Debug|ARM.ActiveCfg = Debug|Any CPU
		{D0E202D5-63EB-49ED-ABFA-3D71F7E2234A}.Debug|iPhone.ActiveCfg = Debug|Any CPU
		{D0E202D5-63EB-49ED-ABFA-3D71F7E2234A}.Debug|iPhoneSimulator.ActiveCfg = Debug|Any CPU
		{D0E202D5-63EB-49ED-ABFA-3D71F7E2234A}.Debug|Mixed Platforms.ActiveCfg = Debug|Any CPU
		{D0E202D5-63EB-49ED-ABFA-3D71F7E2234A}.Debug|Mixed Platforms.Build.0 = Debug|Any CPU
		{D0E202D5-63EB-49ED-ABFA-3D71F7E2234A}.Debug|Mixed Platforms.Deploy.0 = Debug|Any CPU
		{D0E202D5-63EB-49ED-ABFA-3D71F7E2234A}.Debug|x86.ActiveCfg = Debug|Any CPU
		{D0E202D5-63EB-49ED-ABFA-3D71F7E2234A}.MonoTouch|Any CPU.ActiveCfg = Debug|Any CPU
		{D0E202D5-63EB-49ED-ABFA-3D71F7E2234A}.MonoTouch|Any CPU.Build.0 = Debug|Any CPU
		{D0E202D5-63EB-49ED-ABFA-3D71F7E2234A}.MonoTouch|Any CPU.Deploy.0 = Debug|Any CPU
		{D0E202D5-63EB-49ED-ABFA-3D71F7E2234A}.MonoTouch|ARM.ActiveCfg = Debug|Any CPU
		{D0E202D5-63EB-49ED-ABFA-3D71F7E2234A}.MonoTouch|iPhone.ActiveCfg = Debug|Any CPU
		{D0E202D5-63EB-49ED-ABFA-3D71F7E2234A}.MonoTouch|iPhoneSimulator.ActiveCfg = Debug|Any CPU
		{D0E202D5-63EB-49ED-ABFA-3D71F7E2234A}.MonoTouch|Mixed Platforms.ActiveCfg = Debug|Any CPU
		{D0E202D5-63EB-49ED-ABFA-3D71F7E2234A}.MonoTouch|Mixed Platforms.Build.0 = Debug|Any CPU
		{D0E202D5-63EB-49ED-ABFA-3D71F7E2234A}.MonoTouch|Mixed Platforms.Deploy.0 = Debug|Any CPU
		{D0E202D5-63EB-49ED-ABFA-3D71F7E2234A}.MonoTouch|x86.ActiveCfg = Debug|Any CPU
		{D0E202D5-63EB-49ED-ABFA-3D71F7E2234A}.Release|Any CPU.ActiveCfg = Release|Any CPU
		{D0E202D5-63EB-49ED-ABFA-3D71F7E2234A}.Release|Any CPU.Build.0 = Release|Any CPU
		{D0E202D5-63EB-49ED-ABFA-3D71F7E2234A}.Release|Any CPU.Deploy.0 = Release|Any CPU
		{D0E202D5-63EB-49ED-ABFA-3D71F7E2234A}.Release|ARM.ActiveCfg = Release|Any CPU
		{D0E202D5-63EB-49ED-ABFA-3D71F7E2234A}.Release|iPhone.ActiveCfg = Release|Any CPU
		{D0E202D5-63EB-49ED-ABFA-3D71F7E2234A}.Release|iPhoneSimulator.ActiveCfg = Release|Any CPU
		{D0E202D5-63EB-49ED-ABFA-3D71F7E2234A}.Release|Mixed Platforms.ActiveCfg = Release|Any CPU
		{D0E202D5-63EB-49ED-ABFA-3D71F7E2234A}.Release|Mixed Platforms.Build.0 = Release|Any CPU
		{D0E202D5-63EB-49ED-ABFA-3D71F7E2234A}.Release|Mixed Platforms.Deploy.0 = Release|Any CPU
		{D0E202D5-63EB-49ED-ABFA-3D71F7E2234A}.Release|x86.ActiveCfg = Release|Any CPU
		{85B0357E-E085-463C-B997-5D5C06EEF01E}.Ad-Hoc|Any CPU.ActiveCfg = Release|Any CPU
		{85B0357E-E085-463C-B997-5D5C06EEF01E}.Ad-Hoc|Any CPU.Build.0 = Release|Any CPU
		{85B0357E-E085-463C-B997-5D5C06EEF01E}.Ad-Hoc|Any CPU.Deploy.0 = Release|Any CPU
		{85B0357E-E085-463C-B997-5D5C06EEF01E}.Ad-Hoc|ARM.ActiveCfg = Release|ARM
		{85B0357E-E085-463C-B997-5D5C06EEF01E}.Ad-Hoc|ARM.Build.0 = Release|ARM
		{85B0357E-E085-463C-B997-5D5C06EEF01E}.Ad-Hoc|ARM.Deploy.0 = Release|ARM
		{85B0357E-E085-463C-B997-5D5C06EEF01E}.Ad-Hoc|iPhone.ActiveCfg = Release|Any CPU
		{85B0357E-E085-463C-B997-5D5C06EEF01E}.Ad-Hoc|iPhoneSimulator.ActiveCfg = Release|Any CPU
		{85B0357E-E085-463C-B997-5D5C06EEF01E}.Ad-Hoc|Mixed Platforms.ActiveCfg = Release|x86
		{85B0357E-E085-463C-B997-5D5C06EEF01E}.Ad-Hoc|Mixed Platforms.Build.0 = Release|x86
		{85B0357E-E085-463C-B997-5D5C06EEF01E}.Ad-Hoc|Mixed Platforms.Deploy.0 = Release|x86
		{85B0357E-E085-463C-B997-5D5C06EEF01E}.Ad-Hoc|x86.ActiveCfg = Release|x86
		{85B0357E-E085-463C-B997-5D5C06EEF01E}.Ad-Hoc|x86.Build.0 = Release|x86
		{85B0357E-E085-463C-B997-5D5C06EEF01E}.Ad-Hoc|x86.Deploy.0 = Release|x86
		{85B0357E-E085-463C-B997-5D5C06EEF01E}.AppStore|Any CPU.ActiveCfg = Release|Any CPU
		{85B0357E-E085-463C-B997-5D5C06EEF01E}.AppStore|Any CPU.Build.0 = Release|Any CPU
		{85B0357E-E085-463C-B997-5D5C06EEF01E}.AppStore|Any CPU.Deploy.0 = Release|Any CPU
		{85B0357E-E085-463C-B997-5D5C06EEF01E}.AppStore|ARM.ActiveCfg = Release|ARM
		{85B0357E-E085-463C-B997-5D5C06EEF01E}.AppStore|ARM.Build.0 = Release|ARM
		{85B0357E-E085-463C-B997-5D5C06EEF01E}.AppStore|ARM.Deploy.0 = Release|ARM
		{85B0357E-E085-463C-B997-5D5C06EEF01E}.AppStore|iPhone.ActiveCfg = Release|Any CPU
		{85B0357E-E085-463C-B997-5D5C06EEF01E}.AppStore|iPhoneSimulator.ActiveCfg = Release|Any CPU
		{85B0357E-E085-463C-B997-5D5C06EEF01E}.AppStore|Mixed Platforms.ActiveCfg = Release|x86
		{85B0357E-E085-463C-B997-5D5C06EEF01E}.AppStore|Mixed Platforms.Build.0 = Release|x86
		{85B0357E-E085-463C-B997-5D5C06EEF01E}.AppStore|Mixed Platforms.Deploy.0 = Release|x86
		{85B0357E-E085-463C-B997-5D5C06EEF01E}.AppStore|x86.ActiveCfg = Release|x86
		{85B0357E-E085-463C-B997-5D5C06EEF01E}.AppStore|x86.Build.0 = Release|x86
		{85B0357E-E085-463C-B997-5D5C06EEF01E}.AppStore|x86.Deploy.0 = Release|x86
		{85B0357E-E085-463C-B997-5D5C06EEF01E}.Debug|Any CPU.ActiveCfg = Debug|Any CPU
		{85B0357E-E085-463C-B997-5D5C06EEF01E}.Debug|Any CPU.Build.0 = Debug|Any CPU
		{85B0357E-E085-463C-B997-5D5C06EEF01E}.Debug|Any CPU.Deploy.0 = Debug|Any CPU
		{85B0357E-E085-463C-B997-5D5C06EEF01E}.Debug|ARM.ActiveCfg = Debug|ARM
		{85B0357E-E085-463C-B997-5D5C06EEF01E}.Debug|ARM.Build.0 = Debug|ARM
		{85B0357E-E085-463C-B997-5D5C06EEF01E}.Debug|ARM.Deploy.0 = Debug|ARM
		{85B0357E-E085-463C-B997-5D5C06EEF01E}.Debug|iPhone.ActiveCfg = Debug|Any CPU
		{85B0357E-E085-463C-B997-5D5C06EEF01E}.Debug|iPhoneSimulator.ActiveCfg = Debug|Any CPU
		{85B0357E-E085-463C-B997-5D5C06EEF01E}.Debug|Mixed Platforms.ActiveCfg = Debug|x86
		{85B0357E-E085-463C-B997-5D5C06EEF01E}.Debug|Mixed Platforms.Build.0 = Debug|x86
		{85B0357E-E085-463C-B997-5D5C06EEF01E}.Debug|Mixed Platforms.Deploy.0 = Debug|x86
		{85B0357E-E085-463C-B997-5D5C06EEF01E}.Debug|x86.ActiveCfg = Debug|x86
		{85B0357E-E085-463C-B997-5D5C06EEF01E}.Debug|x86.Build.0 = Debug|x86
		{85B0357E-E085-463C-B997-5D5C06EEF01E}.Debug|x86.Deploy.0 = Debug|x86
		{85B0357E-E085-463C-B997-5D5C06EEF01E}.MonoTouch|Any CPU.ActiveCfg = Debug|Any CPU
		{85B0357E-E085-463C-B997-5D5C06EEF01E}.MonoTouch|Any CPU.Build.0 = Debug|Any CPU
		{85B0357E-E085-463C-B997-5D5C06EEF01E}.MonoTouch|Any CPU.Deploy.0 = Debug|Any CPU
		{85B0357E-E085-463C-B997-5D5C06EEF01E}.MonoTouch|ARM.ActiveCfg = Debug|ARM
		{85B0357E-E085-463C-B997-5D5C06EEF01E}.MonoTouch|ARM.Build.0 = Debug|ARM
		{85B0357E-E085-463C-B997-5D5C06EEF01E}.MonoTouch|ARM.Deploy.0 = Debug|ARM
		{85B0357E-E085-463C-B997-5D5C06EEF01E}.MonoTouch|iPhone.ActiveCfg = Debug|Any CPU
		{85B0357E-E085-463C-B997-5D5C06EEF01E}.MonoTouch|iPhoneSimulator.ActiveCfg = Debug|Any CPU
		{85B0357E-E085-463C-B997-5D5C06EEF01E}.MonoTouch|Mixed Platforms.ActiveCfg = Debug|x86
		{85B0357E-E085-463C-B997-5D5C06EEF01E}.MonoTouch|Mixed Platforms.Build.0 = Debug|x86
		{85B0357E-E085-463C-B997-5D5C06EEF01E}.MonoTouch|Mixed Platforms.Deploy.0 = Debug|x86
		{85B0357E-E085-463C-B997-5D5C06EEF01E}.MonoTouch|x86.ActiveCfg = Debug|x86
		{85B0357E-E085-463C-B997-5D5C06EEF01E}.MonoTouch|x86.Build.0 = Debug|x86
		{85B0357E-E085-463C-B997-5D5C06EEF01E}.MonoTouch|x86.Deploy.0 = Debug|x86
		{85B0357E-E085-463C-B997-5D5C06EEF01E}.Release|Any CPU.ActiveCfg = Release|Any CPU
		{85B0357E-E085-463C-B997-5D5C06EEF01E}.Release|Any CPU.Build.0 = Release|Any CPU
		{85B0357E-E085-463C-B997-5D5C06EEF01E}.Release|Any CPU.Deploy.0 = Release|Any CPU
		{85B0357E-E085-463C-B997-5D5C06EEF01E}.Release|ARM.ActiveCfg = Release|ARM
		{85B0357E-E085-463C-B997-5D5C06EEF01E}.Release|ARM.Build.0 = Release|ARM
		{85B0357E-E085-463C-B997-5D5C06EEF01E}.Release|ARM.Deploy.0 = Release|ARM
		{85B0357E-E085-463C-B997-5D5C06EEF01E}.Release|iPhone.ActiveCfg = Release|Any CPU
		{85B0357E-E085-463C-B997-5D5C06EEF01E}.Release|iPhoneSimulator.ActiveCfg = Release|Any CPU
		{85B0357E-E085-463C-B997-5D5C06EEF01E}.Release|Mixed Platforms.ActiveCfg = Release|x86
		{85B0357E-E085-463C-B997-5D5C06EEF01E}.Release|Mixed Platforms.Build.0 = Release|x86
		{85B0357E-E085-463C-B997-5D5C06EEF01E}.Release|Mixed Platforms.Deploy.0 = Release|x86
		{85B0357E-E085-463C-B997-5D5C06EEF01E}.Release|x86.ActiveCfg = Release|x86
		{85B0357E-E085-463C-B997-5D5C06EEF01E}.Release|x86.Build.0 = Release|x86
		{85B0357E-E085-463C-B997-5D5C06EEF01E}.Release|x86.Deploy.0 = Release|x86
		{0262889C-40C1-4B0A-8379-1D82C0811FEF}.Ad-Hoc|Any CPU.ActiveCfg = Release|Any CPU
		{0262889C-40C1-4B0A-8379-1D82C0811FEF}.Ad-Hoc|Any CPU.Build.0 = Release|Any CPU
		{0262889C-40C1-4B0A-8379-1D82C0811FEF}.Ad-Hoc|ARM.ActiveCfg = Release|Any CPU
		{0262889C-40C1-4B0A-8379-1D82C0811FEF}.Ad-Hoc|iPhone.ActiveCfg = Release|Any CPU
		{0262889C-40C1-4B0A-8379-1D82C0811FEF}.Ad-Hoc|iPhoneSimulator.ActiveCfg = Release|Any CPU
		{0262889C-40C1-4B0A-8379-1D82C0811FEF}.Ad-Hoc|Mixed Platforms.ActiveCfg = Release|Any CPU
		{0262889C-40C1-4B0A-8379-1D82C0811FEF}.Ad-Hoc|Mixed Platforms.Build.0 = Release|Any CPU
		{0262889C-40C1-4B0A-8379-1D82C0811FEF}.Ad-Hoc|x86.ActiveCfg = Release|Any CPU
		{0262889C-40C1-4B0A-8379-1D82C0811FEF}.AppStore|Any CPU.ActiveCfg = Release|Any CPU
		{0262889C-40C1-4B0A-8379-1D82C0811FEF}.AppStore|Any CPU.Build.0 = Release|Any CPU
		{0262889C-40C1-4B0A-8379-1D82C0811FEF}.AppStore|ARM.ActiveCfg = Release|Any CPU
		{0262889C-40C1-4B0A-8379-1D82C0811FEF}.AppStore|iPhone.ActiveCfg = Release|Any CPU
		{0262889C-40C1-4B0A-8379-1D82C0811FEF}.AppStore|iPhoneSimulator.ActiveCfg = Release|Any CPU
		{0262889C-40C1-4B0A-8379-1D82C0811FEF}.AppStore|Mixed Platforms.ActiveCfg = Release|Any CPU
		{0262889C-40C1-4B0A-8379-1D82C0811FEF}.AppStore|Mixed Platforms.Build.0 = Release|Any CPU
		{0262889C-40C1-4B0A-8379-1D82C0811FEF}.AppStore|x86.ActiveCfg = Release|Any CPU
		{0262889C-40C1-4B0A-8379-1D82C0811FEF}.Debug|Any CPU.ActiveCfg = Debug|Any CPU
		{0262889C-40C1-4B0A-8379-1D82C0811FEF}.Debug|Any CPU.Build.0 = Debug|Any CPU
		{0262889C-40C1-4B0A-8379-1D82C0811FEF}.Debug|ARM.ActiveCfg = Debug|Any CPU
		{0262889C-40C1-4B0A-8379-1D82C0811FEF}.Debug|iPhone.ActiveCfg = Debug|Any CPU
		{0262889C-40C1-4B0A-8379-1D82C0811FEF}.Debug|iPhoneSimulator.ActiveCfg = Debug|Any CPU
		{0262889C-40C1-4B0A-8379-1D82C0811FEF}.Debug|Mixed Platforms.ActiveCfg = Debug|Any CPU
		{0262889C-40C1-4B0A-8379-1D82C0811FEF}.Debug|Mixed Platforms.Build.0 = Debug|Any CPU
		{0262889C-40C1-4B0A-8379-1D82C0811FEF}.Debug|x86.ActiveCfg = Debug|Any CPU
		{0262889C-40C1-4B0A-8379-1D82C0811FEF}.MonoTouch|Any CPU.ActiveCfg = Release|Any CPU
		{0262889C-40C1-4B0A-8379-1D82C0811FEF}.MonoTouch|Any CPU.Build.0 = Release|Any CPU
		{0262889C-40C1-4B0A-8379-1D82C0811FEF}.MonoTouch|ARM.ActiveCfg = Release|Any CPU
		{0262889C-40C1-4B0A-8379-1D82C0811FEF}.MonoTouch|iPhone.ActiveCfg = Release|Any CPU
		{0262889C-40C1-4B0A-8379-1D82C0811FEF}.MonoTouch|iPhoneSimulator.ActiveCfg = Release|Any CPU
		{0262889C-40C1-4B0A-8379-1D82C0811FEF}.MonoTouch|Mixed Platforms.ActiveCfg = Release|Any CPU
		{0262889C-40C1-4B0A-8379-1D82C0811FEF}.MonoTouch|Mixed Platforms.Build.0 = Release|Any CPU
		{0262889C-40C1-4B0A-8379-1D82C0811FEF}.MonoTouch|x86.ActiveCfg = Release|Any CPU
		{0262889C-40C1-4B0A-8379-1D82C0811FEF}.Release|Any CPU.ActiveCfg = Release|Any CPU
		{0262889C-40C1-4B0A-8379-1D82C0811FEF}.Release|Any CPU.Build.0 = Release|Any CPU
		{0262889C-40C1-4B0A-8379-1D82C0811FEF}.Release|ARM.ActiveCfg = Release|Any CPU
		{0262889C-40C1-4B0A-8379-1D82C0811FEF}.Release|iPhone.ActiveCfg = Release|Any CPU
		{0262889C-40C1-4B0A-8379-1D82C0811FEF}.Release|iPhoneSimulator.ActiveCfg = Release|Any CPU
		{0262889C-40C1-4B0A-8379-1D82C0811FEF}.Release|Mixed Platforms.ActiveCfg = Release|Any CPU
		{0262889C-40C1-4B0A-8379-1D82C0811FEF}.Release|Mixed Platforms.Build.0 = Release|Any CPU
		{0262889C-40C1-4B0A-8379-1D82C0811FEF}.Release|x86.ActiveCfg = Release|Any CPU
	EndGlobalSection
	GlobalSection(SolutionProperties) = preSolution
		HideSolutionNode = FALSE
	EndGlobalSection
EndGlobal
